
Microsoft Visual Studio Solution File, Format Version 12.00
# Visual Studio 15
VisualStudioVersion = 15.0.27428.2027
MinimumVisualStudioVersion = 10.0.40219.1
Project("{FAE04EC0-301F-11D3-BF4B-00C04F79EFBC}") = "database", "database\database.csproj", "{48A7BF14-5E3A-4D53-916B-29A703E39CE3}"
EndProject
Global
	GlobalSection(SolutionConfigurationPlatforms) = preSolution
		Debug|Any CPU = Debug|Any CPU
		Release|Any CPU = Release|Any CPU
	EndGlobalSection
	GlobalSection(ProjectConfigurationPlatforms) = postSolution
		{48A7BF14-5E3A-4D53-916B-29A703E39CE3}.Debug|Any CPU.ActiveCfg = Debug|Any CPU
		{48A7BF14-5E3A-4D53-916B-29A703E39CE3}.Debug|Any CPU.Build.0 = Debug|Any CPU
		{48A7BF14-5E3A-4D53-916B-29A703E39CE3}.Release|Any CPU.ActiveCfg = Release|Any CPU
		{48A7BF14-5E3A-4D53-916B-29A703E39CE3}.Release|Any CPU.Build.0 = Release|Any CPU
	EndGlobalSection
	GlobalSection(SolutionProperties) = preSolution
		HideSolutionNode = FALSE
	EndGlobalSection
	GlobalSection(ExtensibilityGlobals) = postSolution
		SolutionGuid = {15E08AE2-A68B-4789-8BF1-F15B02AF64F9}
	EndGlobalSection
EndGlobal
